
Microsoft Visual Studio Solution File, Format Version 12.00
# Visual Studio Version 16
VisualStudioVersion = 16.0.31213.239
MinimumVisualStudioVersion = 10.0.40219.1
Project("{9A19103F-16F7-4668-BE54-9A1E7A4F7556}") = "LammpsWithAngle", "LammpsWithAngle\LammpsWithAngle.csproj", "{59EBABFD-CC38-40D1-AF17-1F19D876B073}"
EndProject
Project("{FAE04EC0-301F-11D3-BF4B-00C04F79EFBC}") = "LammpsWithAngle.UnitTests", "LammpsWithAngle.UnitTests\LammpsWithAngle.UnitTests.csproj", "{F280F9CE-FCB6-4502-91E7-83ED35A35814}"
EndProject
Global
	GlobalSection(SolutionConfigurationPlatforms) = preSolution
		Debug|Any CPU = Debug|Any CPU
		Release|Any CPU = Release|Any CPU
	EndGlobalSection
	GlobalSection(ProjectConfigurationPlatforms) = postSolution
		{59EBABFD-CC38-40D1-AF17-1F19D876B073}.Debug|Any CPU.ActiveCfg = Debug|Any CPU
		{59EBABFD-CC38-40D1-AF17-1F19D876B073}.Debug|Any CPU.Build.0 = Debug|Any CPU
		{59EBABFD-CC38-40D1-AF17-1F19D876B073}.Release|Any CPU.ActiveCfg = Release|Any CPU
		{59EBABFD-CC38-40D1-AF17-1F19D876B073}.Release|Any CPU.Build.0 = Release|Any CPU
		{F280F9CE-FCB6-4502-91E7-83ED35A35814}.Debug|Any CPU.ActiveCfg = Debug|Any CPU
		{F280F9CE-FCB6-4502-91E7-83ED35A35814}.Debug|Any CPU.Build.0 = Debug|Any CPU
		{F280F9CE-FCB6-4502-91E7-83ED35A35814}.Release|Any CPU.ActiveCfg = Release|Any CPU
		{F280F9CE-FCB6-4502-91E7-83ED35A35814}.Release|Any CPU.Build.0 = Release|Any CPU
	EndGlobalSection
	GlobalSection(SolutionProperties) = preSolution
		HideSolutionNode = FALSE
	EndGlobalSection
	GlobalSection(ExtensibilityGlobals) = postSolution
		SolutionGuid = {D55669CB-5E18-432B-977C-926340DC92DE}
	EndGlobalSection
EndGlobal
